{
  "name": "hw4-nodejs-edavid2021",
  "version": "1.0.0",
  "lockfileVersion": 2,
  "requires": true,
  "packages": {
    "": {
      "name": "hw4-nodejs-edavid2021",
      "version": "1.0.0",
      "license": "ISC",
      "dependencies": {
        "pig-latin": "^2.0.2",
        "sentiment": "^5.0.2"
      }
    },
    "node_modules/lodash": {
      "version": "2.4.2",
      "resolved": "https://registry.npmjs.org/lodash/-/lodash-2.4.2.tgz",
      "integrity": "sha512-Kak1hi6/hYHGVPmdyiZijoQyz5x2iGVzs6w9GYB/HiXEtylY7tIoYEROMjvM1d9nXJqPOrG2MNPMn01bJ+S0Rw==",
      "engines": [
        "node",
        "rhino"
      ]
    },
    "node_modules/pig-latin": {
      "version": "2.0.2",
      "integrity": "sha512-onRcvSDIjTtlkv1hcI2LEXQ2GQNysuqS7pPR5m6Fo7k3hLHqDAb5Z/2iFDa/tpyUjBli6KdD6zg1pGSIhldbtg==",
      "dependencies": {
        "lodash": "^2.4.1"
      }
    },
    "node_modules/sentiment": {
      "version": "5.0.2",
      "resolved": "https://registry.npmjs.org/sentiment/-/sentiment-5.0.2.tgz",
      "integrity": "sha512-ZeC3y0JsOYTdwujt5uOd7ILJNilbgFzUtg/LEG4wUv43LayFNLZ28ec8+Su+h3saHlJmIwYxBzfDHHZuiMA15g==",
      "engines": {
        "node": ">=8.0"
      }
    }
  },
  "dependencies": {
    "lodash": {
      "version": "2.4.2",
      "resolved": "https://registry.npmjs.org/lodash/-/lodash-2.4.2.tgz",
      "integrity": "sha512-Kak1hi6/hYHGVPmdyiZijoQyz5x2iGVzs6w9GYB/HiXEtylY7tIoYEROMjvM1d9nXJqPOrG2MNPMn01bJ+S0Rw=="
    },
    "pig-latin": {
      "version": "2.0.2",
      "requires": {
        "lodash": "^2.4.1"
      }
    },
    "sentiment": {
      "version": "5.0.2",
      "resolved": "https://registry.npmjs.org/sentiment/-/sentiment-5.0.2.tgz",
      "integrity": "sha512-ZeC3y0JsOYTdwujt5uOd7ILJNilbgFzUtg/LEG4wUv43LayFNLZ28ec8+Su+h3saHlJmIwYxBzfDHHZuiMA15g=="
    }
  }
}
